
Microsoft Visual Studio Solution File, Format Version 12.00
# Visual Studio Version 17
VisualStudioVersion = 17.13.35919.96 d17.13
MinimumVisualStudioVersion = 10.0.40219.1
Project("{FAE04EC0-301F-11D3-BF4B-00C04F79EFBC}") = "TipCalculator", "TipCalculator\TipCalculator.csproj", "{385E7696-C01D-4BFA-A163-EC8CF1CB06D1}"
EndProject
Global
	GlobalSection(SolutionConfigurationPlatforms) = preSolution
		Debug|Any CPU = Debug|Any CPU
		Release|Any CPU = Release|Any CPU
	EndGlobalSection
	GlobalSection(ProjectConfigurationPlatforms) = postSolution
		{385E7696-C01D-4BFA-A163-EC8CF1CB06D1}.Debug|Any CPU.ActiveCfg = Debug|Any CPU
		{385E7696-C01D-4BFA-A163-EC8CF1CB06D1}.Debug|Any CPU.Build.0 = Debug|Any CPU
		{385E7696-C01D-4BFA-A163-EC8CF1CB06D1}.Release|Any CPU.ActiveCfg = Release|Any CPU
		{385E7696-C01D-4BFA-A163-EC8CF1CB06D1}.Release|Any CPU.Build.0 = Release|Any CPU
	EndGlobalSection
	GlobalSection(SolutionProperties) = preSolution
		HideSolutionNode = FALSE
	EndGlobalSection
	GlobalSection(ExtensibilityGlobals) = postSolution
		SolutionGuid = {2B12002B-DFE7-4F39-B0E2-77FCFF7DA510}
	EndGlobalSection
EndGlobal
