
Microsoft Visual Studio Solution File, Format Version 12.00
# Visual Studio Version 17
VisualStudioVersion = 17.13.35919.96 d17.13
MinimumVisualStudioVersion = 10.0.40219.1
Project("{FAE04EC0-301F-11D3-BF4B-00C04F79EFBC}") = "HashSet", "HashSet\HashSet.csproj", "{7D240B0A-C918-4759-9211-5E6BE1EBDB47}"
EndProject
Global
	GlobalSection(SolutionConfigurationPlatforms) = preSolution
		Debug|Any CPU = Debug|Any CPU
		Release|Any CPU = Release|Any CPU
	EndGlobalSection
	GlobalSection(ProjectConfigurationPlatforms) = postSolution
		{7D240B0A-C918-4759-9211-5E6BE1EBDB47}.Debug|Any CPU.ActiveCfg = Debug|Any CPU
		{7D240B0A-C918-4759-9211-5E6BE1EBDB47}.Debug|Any CPU.Build.0 = Debug|Any CPU
		{7D240B0A-C918-4759-9211-5E6BE1EBDB47}.Release|Any CPU.ActiveCfg = Release|Any CPU
		{7D240B0A-C918-4759-9211-5E6BE1EBDB47}.Release|Any CPU.Build.0 = Release|Any CPU
	EndGlobalSection
	GlobalSection(SolutionProperties) = preSolution
		HideSolutionNode = FALSE
	EndGlobalSection
	GlobalSection(ExtensibilityGlobals) = postSolution
		SolutionGuid = {75A47075-E653-4D76-84A8-FB6B1C6DC874}
	EndGlobalSection
EndGlobal
