
Microsoft Visual Studio Solution File, Format Version 12.00
# Visual Studio Version 17
VisualStudioVersion = 17.13.35919.96 d17.13
MinimumVisualStudioVersion = 10.0.40219.1
Project("{FAE04EC0-301F-11D3-BF4B-00C04F79EFBC}") = "Loops", "Loops\Loops.csproj", "{D2F55B22-D47E-439B-B9D5-C674DBE678BC}"
EndProject
Global
	GlobalSection(SolutionConfigurationPlatforms) = preSolution
		Debug|Any CPU = Debug|Any CPU
		Release|Any CPU = Release|Any CPU
	EndGlobalSection
	GlobalSection(ProjectConfigurationPlatforms) = postSolution
		{D2F55B22-D47E-439B-B9D5-C674DBE678BC}.Debug|Any CPU.ActiveCfg = Debug|Any CPU
		{D2F55B22-D47E-439B-B9D5-C674DBE678BC}.Debug|Any CPU.Build.0 = Debug|Any CPU
		{D2F55B22-D47E-439B-B9D5-C674DBE678BC}.Release|Any CPU.ActiveCfg = Release|Any CPU
		{D2F55B22-D47E-439B-B9D5-C674DBE678BC}.Release|Any CPU.Build.0 = Release|Any CPU
	EndGlobalSection
	GlobalSection(SolutionProperties) = preSolution
		HideSolutionNode = FALSE
	EndGlobalSection
	GlobalSection(ExtensibilityGlobals) = postSolution
		SolutionGuid = {1C09C2AB-87B8-44FC-B9C4-8AE97C45AA18}
	EndGlobalSection
EndGlobal
